
Microsoft Visual Studio Solution File, Format Version 12.00
# Visual Studio Version 17
VisualStudioVersion = 17.5.002.0
MinimumVisualStudioVersion = 10.0.40219.1
Project("{9A19103F-16F7-4668-BE54-9A1E7A4F7556}") = "Tasc1", "Tasc1\Tasc1.csproj", "{A9D47B7D-EC46-4DBD-BFFF-A5CBE991EE89}"
EndProject
Global
	GlobalSection(SolutionConfigurationPlatforms) = preSolution
		Debug|Any CPU = Debug|Any CPU
		Release|Any CPU = Release|Any CPU
	EndGlobalSection
	GlobalSection(ProjectConfigurationPlatforms) = postSolution
		{A9D47B7D-EC46-4DBD-BFFF-A5CBE991EE89}.Debug|Any CPU.ActiveCfg = Debug|Any CPU
		{A9D47B7D-EC46-4DBD-BFFF-A5CBE991EE89}.Debug|Any CPU.Build.0 = Debug|Any CPU
		{A9D47B7D-EC46-4DBD-BFFF-A5CBE991EE89}.Release|Any CPU.ActiveCfg = Release|Any CPU
		{A9D47B7D-EC46-4DBD-BFFF-A5CBE991EE89}.Release|Any CPU.Build.0 = Release|Any CPU
	EndGlobalSection
	GlobalSection(SolutionProperties) = preSolution
		HideSolutionNode = FALSE
	EndGlobalSection
	GlobalSection(ExtensibilityGlobals) = postSolution
		SolutionGuid = {2105CD8F-A018-4283-BEA2-17275FCF06D5}
	EndGlobalSection
EndGlobal
