
Microsoft Visual Studio Solution File, Format Version 12.00
# Visual Studio Version 17
VisualStudioVersion = 17.5.002.0
MinimumVisualStudioVersion = 10.0.40219.1
Project("{9A19103F-16F7-4668-BE54-9A1E7A4F7556}") = "Tasc1", "Tasc1\Tasc1.csproj", "{FD3752E5-60AC-41AD-AAFE-8BE744EE6305}"
EndProject
Global
	GlobalSection(SolutionConfigurationPlatforms) = preSolution
		Debug|Any CPU = Debug|Any CPU
		Release|Any CPU = Release|Any CPU
	EndGlobalSection
	GlobalSection(ProjectConfigurationPlatforms) = postSolution
		{FD3752E5-60AC-41AD-AAFE-8BE744EE6305}.Debug|Any CPU.ActiveCfg = Debug|Any CPU
		{FD3752E5-60AC-41AD-AAFE-8BE744EE6305}.Debug|Any CPU.Build.0 = Debug|Any CPU
		{FD3752E5-60AC-41AD-AAFE-8BE744EE6305}.Release|Any CPU.ActiveCfg = Release|Any CPU
		{FD3752E5-60AC-41AD-AAFE-8BE744EE6305}.Release|Any CPU.Build.0 = Release|Any CPU
	EndGlobalSection
	GlobalSection(SolutionProperties) = preSolution
		HideSolutionNode = FALSE
	EndGlobalSection
	GlobalSection(ExtensibilityGlobals) = postSolution
		SolutionGuid = {4BCBFD1A-3D3A-4276-8234-4FD33D9BC3A3}
	EndGlobalSection
EndGlobal
